
Microsoft Visual Studio Solution File, Format Version 12.00
# Visual Studio Version 17
VisualStudioVersion = 17.1.32210.238
MinimumVisualStudioVersion = 10.0.40219.1
Project("{9A19103F-16F7-4668-BE54-9A1E7A4F7556}") = "Skilled Force VS 22", "Skilled Force VS 22\Skilled Force VS 22.csproj", "{84EE946C-F5CE-461B-A4F2-9FADC02CB4A6}"
EndProject
Project("{2150E333-8FDC-42A3-9474-1A3956D46DE8}") = "Solution Items", "Solution Items", "{06A8C685-0AFE-418D-9839-078C198F1109}"
	ProjectSection(SolutionItems) = preProject
		.editorconfig = .editorconfig
	EndProjectSection
EndProject
Global
	GlobalSection(SolutionConfigurationPlatforms) = preSolution
		Debug|Any CPU = Debug|Any CPU
		Release|Any CPU = Release|Any CPU
	EndGlobalSection
	GlobalSection(ProjectConfigurationPlatforms) = postSolution
		{84EE946C-F5CE-461B-A4F2-9FADC02CB4A6}.Debug|Any CPU.ActiveCfg = Debug|Any CPU
		{84EE946C-F5CE-461B-A4F2-9FADC02CB4A6}.Debug|Any CPU.Build.0 = Debug|Any CPU
		{84EE946C-F5CE-461B-A4F2-9FADC02CB4A6}.Release|Any CPU.ActiveCfg = Release|Any CPU
		{84EE946C-F5CE-461B-A4F2-9FADC02CB4A6}.Release|Any CPU.Build.0 = Release|Any CPU
	EndGlobalSection
	GlobalSection(SolutionProperties) = preSolution
		HideSolutionNode = FALSE
	EndGlobalSection
	GlobalSection(ExtensibilityGlobals) = postSolution
		SolutionGuid = {382C0196-36FA-4BD0-88C4-0492EA890B8D}
	EndGlobalSection
EndGlobal
